
Microsoft Visual Studio Solution File, Format Version 12.00
# Visual Studio Version 17
VisualStudioVersion = 17.4.33403.182
MinimumVisualStudioVersion = 10.0.40219.1
Project("{FAE04EC0-301F-11D3-BF4B-00C04F79EFBC}") = "Web_Practical6", "Web_Practical6\Web_Practical6.csproj", "{5B50FAFB-A979-499A-AA13-0A8560F0D3FD}"
EndProject
Global
	GlobalSection(SolutionConfigurationPlatforms) = preSolution
		Debug|Any CPU = Debug|Any CPU
		Release|Any CPU = Release|Any CPU
	EndGlobalSection
	GlobalSection(ProjectConfigurationPlatforms) = postSolution
		{5B50FAFB-A979-499A-AA13-0A8560F0D3FD}.Debug|Any CPU.ActiveCfg = Debug|Any CPU
		{5B50FAFB-A979-499A-AA13-0A8560F0D3FD}.Debug|Any CPU.Build.0 = Debug|Any CPU
		{5B50FAFB-A979-499A-AA13-0A8560F0D3FD}.Release|Any CPU.ActiveCfg = Release|Any CPU
		{5B50FAFB-A979-499A-AA13-0A8560F0D3FD}.Release|Any CPU.Build.0 = Release|Any CPU
	EndGlobalSection
	GlobalSection(SolutionProperties) = preSolution
		HideSolutionNode = FALSE
	EndGlobalSection
	GlobalSection(ExtensibilityGlobals) = postSolution
		SolutionGuid = {EB646357-595E-415F-9E6C-F25713EA300B}
	EndGlobalSection
EndGlobal
